{
  "version": "2",
  "remote": {
    "https://crux.land/api/get/2KNRVU.ts": "6a77d55844aba78d01520c5ff0b2f0af7f24cc1716a0de8b3bb6bd918c47b5ba",
    "https://deno.land/std@0.130.0/fmt/colors.ts": "30455035d6d728394781c10755351742dd731e3db6771b1843f9b9e490104d37",
    "https://deno.land/std@0.130.0/testing/_diff.ts": "9d849cd6877694152e01775b2d93f9d6b7aef7e24bfe3bfafc4d7a1ac8e9f392",
    "https://deno.land/std@0.130.0/testing/asserts.ts": "b0ef969032882b1f7eb1c7571e313214baa1485f7b61cf35807b2434e254365c",
    "https://deno.land/std@0.165.0/_util/asserts.ts": "d0844e9b62510f89ce1f9878b046f6a57bf88f208a10304aab50efcb48365272",
    "https://deno.land/std@0.165.0/_util/os.ts": "8a33345f74990e627b9dfe2de9b040004b08ea5146c7c9e8fe9a29070d193934",
    "https://deno.land/std@0.165.0/async/abortable.ts": "87aa7230be8360c24ad437212311c9e8d4328854baec27b4c7abb26e85515c06",
    "https://deno.land/std@0.165.0/async/deadline.ts": "48ac998d7564969f3e6ec6b6f9bf0217ebd00239b1b2292feba61272d5dd58d0",
    "https://deno.land/std@0.165.0/async/debounce.ts": "dc8b92d4a4fe7eac32c924f2b8d3e62112530db70cadce27042689d82970b350",
    "https://deno.land/std@0.165.0/async/deferred.ts": "d8fb253ffde2a056e4889ef7e90f3928f28be9f9294b6505773d33f136aab4e6",
    "https://deno.land/std@0.165.0/async/delay.ts": "0419dfc993752849692d1f9647edf13407c7facc3509b099381be99ffbc9d699",
    "https://deno.land/std@0.165.0/async/mod.ts": "dd0a8ed4f3984ffabe2fcca7c9f466b7932d57b1864ffee148a5d5388316db6b",
    "https://deno.land/std@0.165.0/async/mux_async_iterator.ts": "3447b28a2a582224a3d4d3596bccbba6e85040da3b97ed64012f7decce98d093",
    "https://deno.land/std@0.165.0/async/pool.ts": "ef9eb97b388543acbf0ac32647121e4dbe629236899586c4d4311a8770fbb239",
    "https://deno.land/std@0.165.0/async/tee.ts": "9af3a3e7612af75861308b52249e167f5ebc3dcfc8a1a4d45462d96606ee2b70",
    "https://deno.land/std@0.165.0/bytes/bytes_list.ts": "aba5e2369e77d426b10af1de0dcc4531acecec27f9b9056f4f7bfbf8ac147ab4",
    "https://deno.land/std@0.165.0/bytes/equals.ts": "3c3558c3ae85526f84510aa2b48ab2ad7bdd899e2e0f5b7a8ffc85acb3a6043a",
    "https://deno.land/std@0.165.0/bytes/mod.ts": "b2e342fd3669176a27a4e15061e9d588b89c1aaf5008ab71766e23669565d179",
    "https://deno.land/std@0.165.0/crypto/timing_safe_equal.ts": "3784958e40a5fe10429a68b75cc5f8d34356bf0bc2eb93c80c3033e2a6f17821",
    "https://deno.land/std@0.165.0/encoding/base64.ts": "c57868ca7fa2fbe919f57f88a623ad34e3d970d675bdc1ff3a9d02bba7409db2",
    "https://deno.land/std@0.165.0/encoding/base64url.ts": "a5f82a9fa703bd85a5eb8e7c1296bc6529e601ebd9642cc2b5eaa6b38fa9e05a",
    "https://deno.land/std@0.165.0/flags/mod.ts": "3b459daf581e047819b6b799c92b96c81b4eecbd5ea025643d54dc0abc6ac923",
    "https://deno.land/std@0.165.0/io/buffer.ts": "245f1762a949082ddc0a6e9b15589d0be2d29c150266decd04320b8a8318f9f6",
    "https://deno.land/std@0.165.0/io/types.d.ts": "107e1e64834c5ba917c783f446b407d33432c5d612c4b3430df64fc2b4ecf091",
    "https://deno.land/std@0.165.0/node/_core.ts": "cd45c0cfa412ff57762b600710574a46f923dfa372003d9dfe52304000393b9b",
    "https://deno.land/std@0.165.0/node/_events.d.ts": "3899ee9c37055fbb750e32cb43d7c435077c04446af948300080e1a590c6edf0",
    "https://deno.land/std@0.165.0/node/_events.mjs": "303e8aa60ace559e4ca0d19e8475f87311bee9e8330b4b497644d70f2002fc27",
    "https://deno.land/std@0.165.0/node/_global.d.ts": "6dadaf8cec2a0c506b22170617286e0bdc80be53dd0673e67fc7dd37a1130c68",
    "https://deno.land/std@0.165.0/node/_next_tick.ts": "81c1826675493b76f90c646fb1274a4c84b5cc913a80ca4526c32cd7c46a0b06",
    "https://deno.land/std@0.165.0/node/_process/exiting.ts": "bc9694769139ffc596f962087155a8bfef10101d03423b9dcbc51ce6e1f88fce",
    "https://deno.land/std@0.165.0/node/_process/process.ts": "d5bf113a4b62f4abe4cb7ec5a9d00d44dac0ad9e82a23d00cc27d71e05ae8b66",
    "https://deno.land/std@0.165.0/node/_process/stdio.mjs": "971c3b086040d8521562155db13f22f9971d5c42c852b2081d4d2f0d8b6ab6bd",
    "https://deno.land/std@0.165.0/node/_process/streams.mjs": "3ce63d9eb24a8a8ec45eeebf5c184b43d888064f663f87e8f453888368e00f90",
    "https://deno.land/std@0.165.0/node/_stream.d.ts": "83e9da2f81de3205926f1e86ba54442aa5a3caf4c5e84a4c8699402ad340142b",
    "https://deno.land/std@0.165.0/node/_stream.mjs": "9a80217d9734f6e4284aae0ea55dd82b243f5517bc1814e983ad41b01732f712",
    "https://deno.land/std@0.165.0/node/_utils.ts": "1085a229e910b3a6672f3c3be05507591811dc67be2ae2188e9fc9ef4376b172",
    "https://deno.land/std@0.165.0/node/buffer.ts": "43f07b2d1523345bf35b7deb7fcdad6e916020a631a7bc1b5efcaff556db4e1d",
    "https://deno.land/std@0.165.0/node/events.ts": "f848398d3591534ca94ac6b852a9f3c4dbb2da310c3a26059cf4ff06b7eae088",
    "https://deno.land/std@0.165.0/node/internal/buffer.d.ts": "90f674081428a61978b6d481c5f557ff743a3f4a85d7ae113caab48fdf5b8a63",
    "https://deno.land/std@0.165.0/node/internal/buffer.mjs": "70b74b34f1617b3492aee6dec35c7bdabbf26e034bfcf640aa61b3d63c5c850f",
    "https://deno.land/std@0.165.0/node/internal/crypto/_keys.ts": "63229ff3d8d15b5bd0a1d2ebc19313cbb8ac969875bf16df1ce4f2b497d74fb5",
    "https://deno.land/std@0.165.0/node/internal/crypto/constants.ts": "d2c8821977aef55e4d66414d623c24a2447791a8b49b6404b8db32d81e20c315",
    "https://deno.land/std@0.165.0/node/internal/error_codes.ts": "ac03c4eae33de3a69d6c98e8678003207eecf75a6900eb847e3fea3c8c9e6d8f",
    "https://deno.land/std@0.165.0/node/internal/errors.ts": "b9aec7d1fe3eaf21322d0ea9dc2fcb344055d6b0c7a1bd0f62a0c379a5baa799",
    "https://deno.land/std@0.165.0/node/internal/fixed_queue.ts": "455b3c484de48e810b13bdf95cd1658ecb1ba6bcb8b9315ffe994efcde3ba5f5",
    "https://deno.land/std@0.165.0/node/internal/hide_stack_frames.ts": "a91962ec84610bc7ec86022c4593cdf688156a5910c07b5bcd71994225c13a03",
    "https://deno.land/std@0.165.0/node/internal/net.ts": "1239886cd2508a68624c2dae8abf895e8aa3bb15a748955349f9ac5539032238",
    "https://deno.land/std@0.165.0/node/internal/normalize_encoding.mjs": "3779ec8a7adf5d963b0224f9b85d1bc974a2ec2db0e858396b5d3c2c92138a0a",
    "https://deno.land/std@0.165.0/node/internal/options.ts": "a23c285975e058cb26a19abcb048cd8b46ab12d21cfb028868ac8003fffb43ac",
    "https://deno.land/std@0.165.0/node/internal/primordials.mjs": "7cf5afe471583e4a384eeea109bdff276b6b7f3a3af830f99f951fb7d57ef423",
    "https://deno.land/std@0.165.0/node/internal/process/per_thread.mjs": "bc1be72a6a662bf81573c20fe74893374847a7302065ddf52fb3fb2af505f31f",
    "https://deno.land/std@0.165.0/node/internal/readline/callbacks.mjs": "17d9270a54fb5dceea8f894669e3401e5c6260bab075a1e9675a62f1fef50d8c",
    "https://deno.land/std@0.165.0/node/internal/readline/utils.mjs": "a93ebb99f85e0dbb4f05f4aff5583d12a15150e45c335e4ecf925e1879dc9c84",
    "https://deno.land/std@0.165.0/node/internal/streams/destroy.mjs": "9c9bbeb172a437041d529829f433df72cf0b63ae49f3ee6080a55ffbef7572ad",
    "https://deno.land/std@0.165.0/node/internal/streams/end-of-stream.mjs": "38be76eaceac231dfde643e72bc0940625446bf6d1dbd995c91c5ba9fd59b338",
    "https://deno.land/std@0.165.0/node/internal/streams/utils.mjs": "a0a6b93a7e68ef52bef4ed00b0c82bb7e335abf360af57335b07c6a3fcdde717",
    "https://deno.land/std@0.165.0/node/internal/util.mjs": "35d24fb775468cd24443bcf0ec68904b8aa44e5b53845491a5e3382421917f9a",
    "https://deno.land/std@0.165.0/node/internal/util/inspect.mjs": "1ddace0c97719d2cc0869ba177d375e96051301352ec235cbfb2ecbfcd4e8fba",
    "https://deno.land/std@0.165.0/node/internal/util/types.ts": "de6e2b7f9b9985ab881b1e78f05ae51d1fc829ae1584063df21e57b35312f3c4",
    "https://deno.land/std@0.165.0/node/internal/validators.mjs": "67deae0f488d013c8bf485742a5478112b8e48837cb2458c4a8b2669cf7017db",
    "https://deno.land/std@0.165.0/node/internal_binding/_libuv_winerror.ts": "801e05c2742ae6cd42a5f0fd555a255a7308a65732551e962e5345f55eedc519",
    "https://deno.land/std@0.165.0/node/internal_binding/_listen.ts": "c15a356ef4758770fc72d3ca4db33f0cc321016df1aafb927c027c0d73ac2c42",
    "https://deno.land/std@0.165.0/node/internal_binding/_node.ts": "e4075ba8a37aef4eb5b592c8e3807c39cb49ca8653faf8e01a43421938076c1b",
    "https://deno.land/std@0.165.0/node/internal_binding/_timingSafeEqual.ts": "80640f055101071cb3680a2d8a1fead5fd260ca8bf183efb94296b69463e06cd",
    "https://deno.land/std@0.165.0/node/internal_binding/_utils.ts": "1c50883b5751a9ea1b38951e62ed63bacfdc9d69ea665292edfa28e1b1c5bd94",
    "https://deno.land/std@0.165.0/node/internal_binding/_winerror.ts": "8811d4be66f918c165370b619259c1f35e8c3e458b8539db64c704fbde0a7cd2",
    "https://deno.land/std@0.165.0/node/internal_binding/ares.ts": "33ff8275bc11751219af8bd149ea221c442d7e8676e3e9f20ccb0e1f0aac61b8",
    "https://deno.land/std@0.165.0/node/internal_binding/async_wrap.ts": "b83e4021a4854b2e13720f96d21edc11f9905251c64c1bc625a361f574400959",
    "https://deno.land/std@0.165.0/node/internal_binding/buffer.ts": "781e1d13adc924864e6e37ecb5152e8a4e994cf394695136e451c47f00bda76c",
    "https://deno.land/std@0.165.0/node/internal_binding/cares_wrap.ts": "720e6d5cff7018bb3d00e1a49dd4c31f0fc6af3a593ab68cd39e3592ed163d61",
    "https://deno.land/std@0.165.0/node/internal_binding/config.ts": "e292217d048a33573966b7d25352828d3282921fbcadce8735a20fb3da370cc4",
    "https://deno.land/std@0.165.0/node/internal_binding/connection_wrap.ts": "9debd4210d29c658054476fcb640c900725f564ef35412c56dc79eb07213a7c1",
    "https://deno.land/std@0.165.0/node/internal_binding/constants.ts": "f4afc504137fb21f3908ab549931604968dfa62432b285a0874f41c4cade9ed2",
    "https://deno.land/std@0.165.0/node/internal_binding/contextify.ts": "e292217d048a33573966b7d25352828d3282921fbcadce8735a20fb3da370cc4",
    "https://deno.land/std@0.165.0/node/internal_binding/credentials.ts": "e292217d048a33573966b7d25352828d3282921fbcadce8735a20fb3da370cc4",
    "https://deno.land/std@0.165.0/node/internal_binding/crypto.ts": "d7f39700dc020364edf7f4785e5026bb91f099ce1bd02734182451b1af300c8c",
    "https://deno.land/std@0.165.0/node/internal_binding/errors.ts": "e292217d048a33573966b7d25352828d3282921fbcadce8735a20fb3da370cc4",
    "https://deno.land/std@0.165.0/node/internal_binding/fs.ts": "e292217d048a33573966b7d25352828d3282921fbcadce8735a20fb3da370cc4",
    "https://deno.land/std@0.165.0/node/internal_binding/fs_dir.ts": "e292217d048a33573966b7d25352828d3282921fbcadce8735a20fb3da370cc4",
    "https://deno.land/std@0.165.0/node/internal_binding/fs_event_wrap.ts": "e292217d048a33573966b7d25352828d3282921fbcadce8735a20fb3da370cc4",
    "https://deno.land/std@0.165.0/node/internal_binding/handle_wrap.ts": "71c451060c9f555066d3ebe80de039a4e493a94b76c664450fbefd8f4167eb7e",
    "https://deno.land/std@0.165.0/node/internal_binding/heap_utils.ts": "e292217d048a33573966b7d25352828d3282921fbcadce8735a20fb3da370cc4",
    "https://deno.land/std@0.165.0/node/internal_binding/http_parser.ts": "e292217d048a33573966b7d25352828d3282921fbcadce8735a20fb3da370cc4",
    "https://deno.land/std@0.165.0/node/internal_binding/icu.ts": "e292217d048a33573966b7d25352828d3282921fbcadce8735a20fb3da370cc4",
    "https://deno.land/std@0.165.0/node/internal_binding/inspector.ts": "e292217d048a33573966b7d25352828d3282921fbcadce8735a20fb3da370cc4",
    "https://deno.land/std@0.165.0/node/internal_binding/js_stream.ts": "e292217d048a33573966b7d25352828d3282921fbcadce8735a20fb3da370cc4",
    "https://deno.land/std@0.165.0/node/internal_binding/messaging.ts": "e292217d048a33573966b7d25352828d3282921fbcadce8735a20fb3da370cc4",
    "https://deno.land/std@0.165.0/node/internal_binding/mod.ts": "f68e74e8eed84eaa6b0de24f0f4c47735ed46866d7ee1c5a5e7c0667b4f0540f",
    "https://deno.land/std@0.165.0/node/internal_binding/module_wrap.ts": "e292217d048a33573966b7d25352828d3282921fbcadce8735a20fb3da370cc4",
    "https://deno.land/std@0.165.0/node/internal_binding/native_module.ts": "e292217d048a33573966b7d25352828d3282921fbcadce8735a20fb3da370cc4",
    "https://deno.land/std@0.165.0/node/internal_binding/natives.ts": "e292217d048a33573966b7d25352828d3282921fbcadce8735a20fb3da370cc4",
    "https://deno.land/std@0.165.0/node/internal_binding/node_file.ts": "37d6864897547d95ca24e0f5d01035915db0065bff128bc22191bc93f9ad59ad",
    "https://deno.land/std@0.165.0/node/internal_binding/node_options.ts": "b098e6a1c80fa5003a1669c6828539167ab19337e13d20a47b610144cb888cef",
    "https://deno.land/std@0.165.0/node/internal_binding/options.ts": "e292217d048a33573966b7d25352828d3282921fbcadce8735a20fb3da370cc4",
    "https://deno.land/std@0.165.0/node/internal_binding/os.ts": "e292217d048a33573966b7d25352828d3282921fbcadce8735a20fb3da370cc4",
    "https://deno.land/std@0.165.0/node/internal_binding/performance.ts": "e292217d048a33573966b7d25352828d3282921fbcadce8735a20fb3da370cc4",
    "https://deno.land/std@0.165.0/node/internal_binding/pipe_wrap.ts": "105c73f268cb9ca1c6cebaf4bea089ab12e0c21c8c4e10bb0a14b0abd3e1661e",
    "https://deno.land/std@0.165.0/node/internal_binding/process_methods.ts": "e292217d048a33573966b7d25352828d3282921fbcadce8735a20fb3da370cc4",
    "https://deno.land/std@0.165.0/node/internal_binding/report.ts": "e292217d048a33573966b7d25352828d3282921fbcadce8735a20fb3da370cc4",
    "https://deno.land/std@0.165.0/node/internal_binding/serdes.ts": "e292217d048a33573966b7d25352828d3282921fbcadce8735a20fb3da370cc4",
    "https://deno.land/std@0.165.0/node/internal_binding/signal_wrap.ts": "e292217d048a33573966b7d25352828d3282921fbcadce8735a20fb3da370cc4",
    "https://deno.land/std@0.165.0/node/internal_binding/spawn_sync.ts": "e292217d048a33573966b7d25352828d3282921fbcadce8735a20fb3da370cc4",
    "https://deno.land/std@0.165.0/node/internal_binding/stream_wrap.ts": "ecbd50a6c6ff7f6fea9bdfdc7b3977637cd854814c812b59296458ca2f0fc209",
    "https://deno.land/std@0.165.0/node/internal_binding/string_decoder.ts": "5cb1863763d1e9b458bc21d6f976f16d9c18b3b3f57eaf0ade120aee38fba227",
    "https://deno.land/std@0.165.0/node/internal_binding/symbols.ts": "51cfca9bb6132d42071d4e9e6b68a340a7f274041cfcba3ad02900886e972a6c",
    "https://deno.land/std@0.165.0/node/internal_binding/task_queue.ts": "e292217d048a33573966b7d25352828d3282921fbcadce8735a20fb3da370cc4",
    "https://deno.land/std@0.165.0/node/internal_binding/tcp_wrap.ts": "4217fa10072e048a26f26e5f548b3f38422452c9956265592cac57379a610acb",
    "https://deno.land/std@0.165.0/node/internal_binding/timers.ts": "e292217d048a33573966b7d25352828d3282921fbcadce8735a20fb3da370cc4",
    "https://deno.land/std@0.165.0/node/internal_binding/tls_wrap.ts": "e292217d048a33573966b7d25352828d3282921fbcadce8735a20fb3da370cc4",
    "https://deno.land/std@0.165.0/node/internal_binding/trace_events.ts": "e292217d048a33573966b7d25352828d3282921fbcadce8735a20fb3da370cc4",
    "https://deno.land/std@0.165.0/node/internal_binding/tty_wrap.ts": "e292217d048a33573966b7d25352828d3282921fbcadce8735a20fb3da370cc4",
    "https://deno.land/std@0.165.0/node/internal_binding/types.ts": "4c26fb74ba2e45de553c15014c916df6789529a93171e450d5afb016b4c765e7",
    "https://deno.land/std@0.165.0/node/internal_binding/udp_wrap.ts": "cdd0882eff7e7db631d808608d20f5d1269b40fbcedd4a0972d6ed616a855c79",
    "https://deno.land/std@0.165.0/node/internal_binding/url.ts": "e292217d048a33573966b7d25352828d3282921fbcadce8735a20fb3da370cc4",
    "https://deno.land/std@0.165.0/node/internal_binding/util.ts": "faf5146c3cc3b2d6c26026a818b4a16e91488ab26e63c069f36ba3c3ae24c97b",
    "https://deno.land/std@0.165.0/node/internal_binding/uv.ts": "3a63eebe0b69334bab5e9f037aadde1aef59ab21ab0e4cd01ac588d919be2c75",
    "https://deno.land/std@0.165.0/node/internal_binding/v8.ts": "e292217d048a33573966b7d25352828d3282921fbcadce8735a20fb3da370cc4",
    "https://deno.land/std@0.165.0/node/internal_binding/worker.ts": "e292217d048a33573966b7d25352828d3282921fbcadce8735a20fb3da370cc4",
    "https://deno.land/std@0.165.0/node/internal_binding/zlib.ts": "e292217d048a33573966b7d25352828d3282921fbcadce8735a20fb3da370cc4",
    "https://deno.land/std@0.165.0/node/process.ts": "7180a9e7022d62481daf6fac855f440882137046ef6941f659e8d40c077186be",
    "https://deno.land/std@0.165.0/node/stream.ts": "2c6d5d207d0ad295f396b34fd03a908c1638beb1754bc9c1fccd9a4cdcace8be",
    "https://deno.land/std@0.165.0/node/string_decoder.ts": "39b3846318f3a60cee417673dab0252a6f400af2e0f2a481bb6d74c00524b597",
    "https://deno.land/std@0.165.0/path/_constants.ts": "df1db3ffa6dd6d1252cc9617e5d72165cd2483df90e93833e13580687b6083c3",
    "https://deno.land/std@0.165.0/path/_interface.ts": "ee3b431a336b80cf445441109d089b70d87d5e248f4f90ff906820889ecf8d09",
    "https://deno.land/std@0.165.0/path/_util.ts": "d16be2a16e1204b65f9d0dfc54a9bc472cafe5f4a190b3c8471ec2016ccd1677",
    "https://deno.land/std@0.165.0/path/common.ts": "bee563630abd2d97f99d83c96c2fa0cca7cee103e8cb4e7699ec4d5db7bd2633",
    "https://deno.land/std@0.165.0/path/glob.ts": "cb5255638de1048973c3e69e420c77dc04f75755524cb3b2e160fe9277d939ee",
    "https://deno.land/std@0.165.0/path/mod.ts": "56fec03ad0ebd61b6ab39ddb9b0ddb4c4a5c9f2f4f632e09dd37ec9ebfd722ac",
    "https://deno.land/std@0.165.0/path/posix.ts": "6b63de7097e68c8663c84ccedc0fd977656eb134432d818ecd3a4e122638ac24",
    "https://deno.land/std@0.165.0/path/separator.ts": "fe1816cb765a8068afb3e8f13ad272351c85cbc739af56dacfc7d93d710fe0f9",
    "https://deno.land/std@0.165.0/path/win32.ts": "7cebd2bda6657371adc00061a1d23fdd87bcdf64b4843bb148b0b24c11b40f69",
    "https://deno.land/std@0.165.0/streams/conversion.ts": "555c6c249f3acf85655f2d0af52d1cb3168e40b1c1fa26beefea501b333abe28",
    "https://deno.land/x/deno_dom@v0.1.36-alpha/build/deno-wasm/deno-wasm.js": "3fa41dba4813e6d4b024a53a146b76e1afcbdf218fc02063442378c61239ed14",
    "https://deno.land/x/deno_dom@v0.1.36-alpha/deno-dom-wasm.ts": "bfd999a493a6974e9fca4d331bee03bfb68cfc600c662cd0b48b21d67a2a8ba0",
    "https://deno.land/x/deno_dom@v0.1.36-alpha/src/api.ts": "0ff5790f0a3eeecb4e00b7d8fbfa319b165962cf6d0182a65ba90f158d74f7d7",
    "https://deno.land/x/deno_dom@v0.1.36-alpha/src/constructor-lock.ts": "59714df7e0571ec7bd338903b1f396202771a6d4d7f55a452936bd0de9deb186",
    "https://deno.land/x/deno_dom@v0.1.36-alpha/src/deserialize.ts": "f4d34514ca00473ca428b69ad437ba345925744b5d791cb9552e2d7a0e7b0439",
    "https://deno.land/x/deno_dom@v0.1.36-alpha/src/dom/document-fragment.ts": "a40c6e18dd0efcf749a31552c1c9a6f7fa614452245e86ee38fc92ba0235e5ae",
    "https://deno.land/x/deno_dom@v0.1.36-alpha/src/dom/document.ts": "b8f4e4ccabaaa063d6562a0f2f8dea9c0419515d63d8bd79bfde95f7cd64bd93",
    "https://deno.land/x/deno_dom@v0.1.36-alpha/src/dom/dom-parser.ts": "609097b426f8c2358f3e5d2bca55ed026cf26cdf86562e94130dfdb0f2537f92",
    "https://deno.land/x/deno_dom@v0.1.36-alpha/src/dom/element.ts": "4a267c24d0e20b70741a14ab371a7511a4f3db682d3a1d229adaa66a46445fff",
    "https://deno.land/x/deno_dom@v0.1.36-alpha/src/dom/elements/html-template-element.ts": "19ad97c55222115e8daaca2788b9c98cc31a7f9d2547ed5bca0c56a4a12bfec8",
    "https://deno.land/x/deno_dom@v0.1.36-alpha/src/dom/html-collection.ts": "ae90197f5270c32074926ad6cf30ee07d274d44596c7e413c354880cebce8565",
    "https://deno.land/x/deno_dom@v0.1.36-alpha/src/dom/node-list.ts": "4c6e4b4585301d4147addaccd90cb5f5a80e8d6290a1ba7058c5e3dfea16e15d",
    "https://deno.land/x/deno_dom@v0.1.36-alpha/src/dom/node.ts": "3069e6fc93ac4111a136ed68199d76673339842b9751610ba06f111ba7dc10a7",
    "https://deno.land/x/deno_dom@v0.1.36-alpha/src/dom/selectors/custom-api.ts": "852696bd58e534bc41bd3be9e2250b60b67cd95fd28ed16b1deff1d548531a71",
    "https://deno.land/x/deno_dom@v0.1.36-alpha/src/dom/selectors/nwsapi-types.ts": "c43b36c36acc5d32caabaa54fda8c9d239b2b0fcbce9a28efb93c84aa1021698",
    "https://deno.land/x/deno_dom@v0.1.36-alpha/src/dom/selectors/nwsapi.js": "985d7d8fc1eabbb88946b47a1c44c1b2d4aa79ff23c21424219f1528fa27a2ff",
    "https://deno.land/x/deno_dom@v0.1.36-alpha/src/dom/selectors/selectors.ts": "83eab57be2290fb48e3130533448c93c6c61239f2a2f3b85f1917f80ca0fdc75",
    "https://deno.land/x/deno_dom@v0.1.36-alpha/src/dom/selectors/sizzle-types.ts": "78149e2502409989ce861ed636b813b059e16bc267bb543e7c2b26ef43e4798b",
    "https://deno.land/x/deno_dom@v0.1.36-alpha/src/dom/selectors/sizzle.js": "c3aed60c1045a106d8e546ac2f85cc82e65f62d9af2f8f515210b9212286682a",
    "https://deno.land/x/deno_dom@v0.1.36-alpha/src/dom/utils-types.ts": "96db30e3e4a75b194201bb9fa30988215da7f91b380fca6a5143e51ece2a8436",
    "https://deno.land/x/deno_dom@v0.1.36-alpha/src/dom/utils.ts": "ecd889ba74f3ce282620d8ca1d4d5e0365e6cc86101d2352f3bbf936ae496e2c",
    "https://deno.land/x/deno_dom@v0.1.36-alpha/src/parser.ts": "b65eb7e673fa7ca611de871de109655f0aa9fa35ddc1de73df1a5fc2baafc332",
    "https://deno.land/x/mock_fetch@0.3.0/mod.ts": "7e7806c65ab17b2b684c334c4e565812bdaf504a3e9c938d2bb52bb67428bc89",
    "https://esm.sh/@testing-library/dom@8.19.0?dev&pin=v99": "f73ea5f38e2fbe05a3cf4ea4a92ea42fbfc8c12e2857a32280c0d775d9d4e4a4",
    "https://esm.sh/@testing-library/react@13.4.0?dev&pin=v99": "4ae5414951ac249e7c4fa64e882f0aaa574d6151b3da329eb30eb7cf2100d465",
    "https://esm.sh/@testing-library/user-event@14.4.3?dev&pin=v99": "57ebc8b87df5b7a67fd9f29202a889e2c68dcd811dcf5671297ee0de1f132e9a",
    "https://esm.sh/react@18.2.0?dev&pin=v99": "1306f3c86708121041a0b38a6d8c1c21730f3d193945bd627e134c4c857c194f",
    "https://esm.sh/stable/react@18.2.0/deno/react.development.js": "3305f5cc2099ac48a93c4e0b536d5fd45778205a0e7c8b47143d31d85f996f6e",
    "https://esm.sh/v99/@testing-library/dom@8.19.0/deno/dist/event-map.development.js": "c1592e1150e900584253b57908c4fa7a01eabf69e8443ac7186152e436e69842",
    "https://esm.sh/v99/@testing-library/dom@8.19.0/deno/dist/helpers.development.js": "6aba029ed7021c60fc6e8bb027195411a3d842d22f3e1c488028ada754a1a777",
    "https://esm.sh/v99/@testing-library/dom@8.19.0/deno/dom.development.js": "fda2b397b22109e44a271081b1da44a682ac51c266dcbaf10497dfe90c07e66e",
    "https://esm.sh/v99/@testing-library/dom@8.19.0/types/config.d.ts": "2a90177ebaef25de89351de964c2c601ab54d6e3a157cba60d9cd3eaf5a5ee1a",
    "https://esm.sh/v99/@testing-library/dom@8.19.0/types/events.d.ts": "cb3aaf306b5ff2ec718359e2e2244263c0b364c35759b1467c16caa113ccb849",
    "https://esm.sh/v99/@testing-library/dom@8.19.0/types/get-node-text.d.ts": "a0a6f0095f25f08a7129bc4d7cb8438039ec422dc341218d274e1e5131115988",
    "https://esm.sh/v99/@testing-library/dom@8.19.0/types/get-queries-for-element.d.ts": "61b0bd9a20e0738fd87e67017a69df89106f12e516fdd15ce0a889f7c60d479f",
    "https://esm.sh/v99/@testing-library/dom@8.19.0/types/index.d.ts": "561aeabb2e1fa95bc9d1f9153ccb5e8cd8fb7ffd5a412616c3cfb24dfa613d79",
    "https://esm.sh/v99/@testing-library/dom@8.19.0/types/matches.d.ts": "8e483f5177c4d97cb6a13d7aa4c870915329436e8ffe78611fd43fbe6fda559d",
    "https://esm.sh/v99/@testing-library/dom@8.19.0/types/pretty-dom.d.ts": "fb22f31235a81cacc5ef062b2e3a688d464f266beb8531fa057c16429298ddb2",
    "https://esm.sh/v99/@testing-library/dom@8.19.0/types/queries.d.ts": "8008a67a579af89fe977900215159d1f470c1c2e2c6a5e638b6e9b053ca37f7a",
    "https://esm.sh/v99/@testing-library/dom@8.19.0/types/query-helpers.d.ts": "56f39bce2cd0e3f3cdcb4bea7175eddba13ee18b91aa3ecc5d42dadc5fb64ccc",
    "https://esm.sh/v99/@testing-library/dom@8.19.0/types/role-helpers.d.ts": "a3ce619711ff1bcdaaf4b5187d1e3f84e76064909a7c7ecb2e2f404f145b7b5c",
    "https://esm.sh/v99/@testing-library/dom@8.19.0/types/screen.d.ts": "afac3f11f9c1a7c7ea1bfee4b6db8b52d73df85a30180436a8e47837fb97649b",
    "https://esm.sh/v99/@testing-library/dom@8.19.0/types/suggestions.d.ts": "82200e963d3c767976a5a9f41ecf8c65eca14a6b33dcbe00214fcbe959698c46",
    "https://esm.sh/v99/@testing-library/dom@8.19.0/types/wait-for-element-to-be-removed.d.ts": "278ba90329ef4874f485dbd9f4e2ede0a71f0b10dbca0a6b0562d013f343d247",
    "https://esm.sh/v99/@testing-library/dom@8.19.0/types/wait-for.d.ts": "8387ec1601cf6b8948672537cf8d430431ba0d87b1f9537b4597c1ab8d3ade5b",
    "https://esm.sh/v99/@testing-library/react@13.4.0/deno/react.development.js": "bc185a0407babeca4de070cb90f683aacc706dc19196349786c996ade1530e76",
    "https://esm.sh/v99/@testing-library/react@13.4.0/types/index.d.ts": "8e0b71f1fa50801b1b91c3fb9e063df0a75289348c4cdb9f3da0ea686aadd613",
    "https://esm.sh/v99/@testing-library/user-event@14.4.3/deno/user-event.development.js": "cd2a6bc3dc2c7d361c82f45521fecbb2f8f84a37823f5219b5e288b8f4e92a51",
    "https://esm.sh/v99/@testing-library/user-event@14.4.3/dist/types/clipboard/copy.d.ts": "488b82edcf86969fe538fa3c838eefeea2765083913c7286fd98fb5a5116bb99",
    "https://esm.sh/v99/@testing-library/user-event@14.4.3/dist/types/clipboard/cut.d.ts": "e508345b44aaa4dbe091f956df49204ea7c81880676c871e3e908f465d122456",
    "https://esm.sh/v99/@testing-library/user-event@14.4.3/dist/types/clipboard/index.d.ts": "78d1801ab9c31aa4f30e2c69ff7a70f69be762402755457e27bae0ebe2668ce2",
    "https://esm.sh/v99/@testing-library/user-event@14.4.3/dist/types/clipboard/paste.d.ts": "9020da2e1ba0595834eeab5aacd82862e38ae6992761003632db1390ddb59446",
    "https://esm.sh/v99/@testing-library/user-event@14.4.3/dist/types/convenience/click.d.ts": "59c6a7d800563b8d35b3ee623df8c20e590b79c6ae5722623fe3da4146018e43",
    "https://esm.sh/v99/@testing-library/user-event@14.4.3/dist/types/convenience/hover.d.ts": "64585d7f54d9dfcb6ded38728610b3f2446c0bb2eef5646afbd6f7149da1fcb6",
    "https://esm.sh/v99/@testing-library/user-event@14.4.3/dist/types/convenience/index.d.ts": "eef77d0f0628f8f3f8d8306c8e45c164669434edc6b5acc58b750b6a26bbcd7c",
    "https://esm.sh/v99/@testing-library/user-event@14.4.3/dist/types/convenience/tab.d.ts": "369bc7822bee7d835cdb957f190bdedf476a4106aa5fb37f1814f086ba977025",
    "https://esm.sh/v99/@testing-library/user-event@14.4.3/dist/types/document/UI.d.ts": "833938e73d1ab6fd923deca6f73914e21175ef00bc11e5582f2597d82802ca41",
    "https://esm.sh/v99/@testing-library/user-event@14.4.3/dist/types/document/copySelection.d.ts": "e50c4cd1f5cbce3e74c19a5bbf503c460e6ae86597e6d648a98c7f6c90b596dd",
    "https://esm.sh/v99/@testing-library/user-event@14.4.3/dist/types/document/getValueOrTextContent.d.ts": "9a9ba9f6fd097bb2f57d68da8a39403bbe4dc818b8ccd155a780e4e23fa556f2",
    "https://esm.sh/v99/@testing-library/user-event@14.4.3/dist/types/document/index.d.ts": "d36ed36a9577868cc768b20347d6745fa3ed8ae4bc2aad1f9178e28be2494f41",
    "https://esm.sh/v99/@testing-library/user-event@14.4.3/dist/types/document/trackValue.d.ts": "fa140f881e20591ce163039a7968b54c5e51c11228708b4f9147473d06471cf5",
    "https://esm.sh/v99/@testing-library/user-event@14.4.3/dist/types/event/dispatchEvent.d.ts": "789faae48716b3770ba0e689aa4ba28487fcc1e606307f4e3045c0c906835f8a",
    "https://esm.sh/v99/@testing-library/user-event@14.4.3/dist/types/event/focus.d.ts": "472c0a98c5de98b8f5206132c941b052f5cc1ae78860cb8712ac4f1ebf4550ca",
    "https://esm.sh/v99/@testing-library/user-event@14.4.3/dist/types/event/index.d.ts": "db5ae7f0b69e7698d91764fc5a1904d0852b9c059af81fb5ea0a7c08ea4b7f1c",
    "https://esm.sh/v99/@testing-library/user-event@14.4.3/dist/types/event/input.d.ts": "4746f76f66455dbb36f55ad15887fff322479831d3dbf80353d36039d152e14b",
    "https://esm.sh/v99/@testing-library/user-event@14.4.3/dist/types/event/selection/getInputRange.d.ts": "3e2422290da7eee2a221c156a5bf3f67ad8b1897aa242cdfa0dd7fc993b01a5c",
    "https://esm.sh/v99/@testing-library/user-event@14.4.3/dist/types/event/selection/index.d.ts": "a51a3b3095e4ee718f23e7fe5b41150625e10aaf3ee7d1192cbb4a21955d29ff",
    "https://esm.sh/v99/@testing-library/user-event@14.4.3/dist/types/event/selection/modifySelection.d.ts": "067712491fb2094c212c733dd8e2d56e74c309a9ce9dac9e919286b7245a1eb4",
    "https://esm.sh/v99/@testing-library/user-event@14.4.3/dist/types/event/selection/modifySelectionPerMouse.d.ts": "355f469fe8980252bf37e1cf5def360e76e943a944eb185bfbdeafb38558fc90",
    "https://esm.sh/v99/@testing-library/user-event@14.4.3/dist/types/event/selection/moveSelection.d.ts": "a5eae58ac55bd30c42359e4b01fb2be5eddac336869d3f04ffb4daa54b58f009",
    "https://esm.sh/v99/@testing-library/user-event@14.4.3/dist/types/event/selection/selectAll.d.ts": "dfb274ab0f319cf18ce7152067c25f984c7fd1924fc72b3f66734588444c934a",
    "https://esm.sh/v99/@testing-library/user-event@14.4.3/dist/types/event/selection/setSelection.d.ts": "a7e5444d24cdec45f113f4fb8a687e1c83a5d30c55d2da19a04be71108ad77bd",
    "https://esm.sh/v99/@testing-library/user-event@14.4.3/dist/types/event/selection/setSelectionPerMouse.d.ts": "0f7dae265a51e932510a57f3021dfc734e01d5b9f31f16f79774dccc9b97f776",
    "https://esm.sh/v99/@testing-library/user-event@14.4.3/dist/types/event/selection/setSelectionRange.d.ts": "108c8c05cbc3fbbbd4ff4fc0779c9bef55655c28528eb0f77829795dc9f0b484",
    "https://esm.sh/v99/@testing-library/user-event@14.4.3/dist/types/event/selection/updateSelectionOnFocus.d.ts": "41ec17e218b7358fcff25c719bc419fec8ec98f13e561b9a33b07392d4fec24c",
    "https://esm.sh/v99/@testing-library/user-event@14.4.3/dist/types/event/types.d.ts": "09f4ee30760c56c05ff1adea3fa2f67646bea56abb842e14e0dd2e0a23b1437e",
    "https://esm.sh/v99/@testing-library/user-event@14.4.3/dist/types/index.d.ts": "78b8a6c32dca2f9144b9af7e6ea71db8f5f9f6d133b58181978d3403a511f534",
    "https://esm.sh/v99/@testing-library/user-event@14.4.3/dist/types/keyboard/index.d.ts": "c2905b181bea454a5683ae766d72f6dbb1ecdfea0dad77d1f2f7986f81df2bb6",
    "https://esm.sh/v99/@testing-library/user-event@14.4.3/dist/types/options.d.ts": "2d97d12fc17b86ad0c62ee37c7bffdef7cdd065811aae21a303ea1cd12dc9db9",
    "https://esm.sh/v99/@testing-library/user-event@14.4.3/dist/types/pointer/index.d.ts": "230e30387de47b54fd74849f66ad5d0c73d1ae70e428deddf2fd086d4e8acf25",
    "https://esm.sh/v99/@testing-library/user-event@14.4.3/dist/types/setup/api.d.ts": "189005ba2e712773011f309b00ddb993834ce7209724beb14662190b60a87cf5",
    "https://esm.sh/v99/@testing-library/user-event@14.4.3/dist/types/setup/directApi.d.ts": "597ca9d68b50380a5d9250105dd84ea09756b1b93d9ae5d0f51f5c3908cace4b",
    "https://esm.sh/v99/@testing-library/user-event@14.4.3/dist/types/setup/index.d.ts": "58fa3978e69e3873e4fd96da9f2d269052c335d6ed6cb69428f8046edfec6b27",
    "https://esm.sh/v99/@testing-library/user-event@14.4.3/dist/types/setup/setup.d.ts": "3a15fd184e6fecaf33d9f6fc19dd585dfc4518b89970e330f08110d8436c802e",
    "https://esm.sh/v99/@testing-library/user-event@14.4.3/dist/types/system/index.d.ts": "8785d354f50d2ef3a0b11570ea38b649a3675f8d101da907a2a2880999c00614",
    "https://esm.sh/v99/@testing-library/user-event@14.4.3/dist/types/system/keyboard.d.ts": "3e0232fb27511165dac8f08e857094c33ed3fb554025f76d0f6e79a5faa437fe",
    "https://esm.sh/v99/@testing-library/user-event@14.4.3/dist/types/system/pointer/buttons.d.ts": "d0eefdb83cc35d373684a1c5b0f63c9b7cea3872974fc22b5cdd0bc07f973889",
    "https://esm.sh/v99/@testing-library/user-event@14.4.3/dist/types/system/pointer/index.d.ts": "3f894e526a9f6183961cf1417773d433593c5d678c8944710fef9a61fead02da",
    "https://esm.sh/v99/@testing-library/user-event@14.4.3/dist/types/system/pointer/shared.d.ts": "4bf129d4ba8cac63530464bd76a4325da8049687293104fd024f294b05289b63",
    "https://esm.sh/v99/@testing-library/user-event@14.4.3/dist/types/utility/clear.d.ts": "5b9d4322a6bb7549fd91ada2e042b40ad665bbce5c42466b164c680408630cf5",
    "https://esm.sh/v99/@testing-library/user-event@14.4.3/dist/types/utility/index.d.ts": "9fddbebd947b58a4bba16a46c1b759fc9678895b8c617c23a9d36d375d568092",
    "https://esm.sh/v99/@testing-library/user-event@14.4.3/dist/types/utility/selectOptions.d.ts": "5faf983f22b9595309508c89d012336e68b82792e21674d68e68420f0ce3691b",
    "https://esm.sh/v99/@testing-library/user-event@14.4.3/dist/types/utility/type.d.ts": "97bb43ffba5ccc205ba60302bde9d0ec7038067b47bb5ac7a2cb37fe13b1d29a",
    "https://esm.sh/v99/@testing-library/user-event@14.4.3/dist/types/utility/upload.d.ts": "4d6f734a0e9c012dbef1f69092621b6cd3fbf12981fbda450c5867dba0814ff7",
    "https://esm.sh/v99/@testing-library/user-event@14.4.3/dist/types/utils/click/isClickableInput.d.ts": "09a49217179a75e5428bb0da106e52903b5930a100702477cdc5f04095c11a60",
    "https://esm.sh/v99/@testing-library/user-event@14.4.3/dist/types/utils/dataTransfer/Blob.d.ts": "a7798e86de8e76844f774f8e0e338149893789cdc08970381f0ae78c86e8667f",
    "https://esm.sh/v99/@testing-library/user-event@14.4.3/dist/types/utils/dataTransfer/Clipboard.d.ts": "0cae2526039b34823b107f91bd9d48cd760ac3ffc994f5060932551b317e2c8c",
    "https://esm.sh/v99/@testing-library/user-event@14.4.3/dist/types/utils/dataTransfer/DataTransfer.d.ts": "4f5247ca2cff5b143a88eed88f6630ada26ad28257592a94c8d0dd5e0afa8609",
    "https://esm.sh/v99/@testing-library/user-event@14.4.3/dist/types/utils/dataTransfer/FileList.d.ts": "6b359d3c3138a9f4d3a9c9a8fda24be6fd15bd789e692252b53e68ce99db8edc",
    "https://esm.sh/v99/@testing-library/user-event@14.4.3/dist/types/utils/edit/isContentEditable.d.ts": "5679b694d138b8c4b3d56c9b1210f903c6b0ca2b5e7f1682a2dd41a6c955f094",
    "https://esm.sh/v99/@testing-library/user-event@14.4.3/dist/types/utils/edit/isEditable.d.ts": "e1cfc04b144caa1bfdc450354ce7c98d4d5bb60722c78f0d4b58cae13228c639",
    "https://esm.sh/v99/@testing-library/user-event@14.4.3/dist/types/utils/edit/maxLength.d.ts": "3cb43f44138bac4ee388286aac19c063a0e272d3bc896fbb1f51b2cc80c69f82",
    "https://esm.sh/v99/@testing-library/user-event@14.4.3/dist/types/utils/edit/setFiles.d.ts": "dd0271250f1e4314e52d7e0da9f3b25a708827f8a43ceff847a2a5e3fd3283e8",
    "https://esm.sh/v99/@testing-library/user-event@14.4.3/dist/types/utils/edit/timeValue.d.ts": "e156513655462b5811a8f980e32ccd204c19042f8c9756430fe4e8d6f7c1326e",
    "https://esm.sh/v99/@testing-library/user-event@14.4.3/dist/types/utils/focus/cursor.d.ts": "47971d8a8639a2a2dd684091c6e7660ec5909fed540c4479ca24e22ac237194e",
    "https://esm.sh/v99/@testing-library/user-event@14.4.3/dist/types/utils/focus/getActiveElement.d.ts": "e1075312b07671ef1cbf46409a0fa2eb2b90bb59c6215c94f0e530113013eeda",
    "https://esm.sh/v99/@testing-library/user-event@14.4.3/dist/types/utils/focus/getTabDestination.d.ts": "1bfd63c3f3749c5dc925bb0c05f229f9a376b8d3f8173d0e01901c08202caf6f",
    "https://esm.sh/v99/@testing-library/user-event@14.4.3/dist/types/utils/focus/isFocusable.d.ts": "da850b4fdbabdd528f8b9c2784c5ba3b3bedc4e2e1e34dcd08b6407f9ec61a25",
    "https://esm.sh/v99/@testing-library/user-event@14.4.3/dist/types/utils/focus/selection.d.ts": "be1fb71abcb0d39e25ede340bb36c64cf9bb3159c48d77ed4392acc24c84a61e",
    "https://esm.sh/v99/@testing-library/user-event@14.4.3/dist/types/utils/focus/selector.d.ts": "ee56351989b0e6f31fd35c9048e222146ced0aac68c64ce2e034f7c881327d6d",
    "https://esm.sh/v99/@testing-library/user-event@14.4.3/dist/types/utils/index.d.ts": "e08b384a0ce2447e786ffea4dd8d98add66ddb67cfd437221e516108c52b15cf",
    "https://esm.sh/v99/@testing-library/user-event@14.4.3/dist/types/utils/keyDef/readNextDescriptor.d.ts": "2191c679b65cd74e6d93be90898a803a27ba29c62b55cb6874fff33f2abb82e5",
    "https://esm.sh/v99/@testing-library/user-event@14.4.3/dist/types/utils/misc/cloneEvent.d.ts": "4c805d3d1228c73877e7550afd8b881d89d9bc0c6b73c88940cffcdd2931b1f6",
    "https://esm.sh/v99/@testing-library/user-event@14.4.3/dist/types/utils/misc/findClosest.d.ts": "4aa74b4bc57c535815ae004550c59a953c8f8c3c61418ac47a7dcfefba76d1ba",
    "https://esm.sh/v99/@testing-library/user-event@14.4.3/dist/types/utils/misc/getDocumentFromNode.d.ts": "78b17ceb133d95df989a1e073891259b54c968f71f416cd76185308af4f9a185",
    "https://esm.sh/v99/@testing-library/user-event@14.4.3/dist/types/utils/misc/getTreeDiff.d.ts": "d76e5d04d111581b97e0aa35de3063022d20d572f22f388d3846a73f6ce0b788",
    "https://esm.sh/v99/@testing-library/user-event@14.4.3/dist/types/utils/misc/getWindow.d.ts": "0a53bb48eba6e9f5a56e3b85529fbbe786d96e84871579d10593d4f3ae0f9dba",
    "https://esm.sh/v99/@testing-library/user-event@14.4.3/dist/types/utils/misc/isDescendantOrSelf.d.ts": "d34fb8b0a66f0a406c7ce63a36f16dda7ff4500b11b0bd30a491aa0d59336d1f",
    "https://esm.sh/v99/@testing-library/user-event@14.4.3/dist/types/utils/misc/isDisabled.d.ts": "ec203a515afd88589bf1d384535024f5b90ebe6b5c416fb3dcca0abd428a8ba4",
    "https://esm.sh/v99/@testing-library/user-event@14.4.3/dist/types/utils/misc/isElementType.d.ts": "48e3c30b91aac88fa1c489dc6feb4c22c5eb11c691e62cdd045dd347fb65a796",
    "https://esm.sh/v99/@testing-library/user-event@14.4.3/dist/types/utils/misc/isVisible.d.ts": "ed27d5ce258f069acf0036471d1fbb56b4cb3c16d7401b52a51297eca651db62",
    "https://esm.sh/v99/@testing-library/user-event@14.4.3/dist/types/utils/misc/level.d.ts": "81a0f4cd2f6c4c72b16636bf4abbe67d6297088f1cbeafc0090c1f21acc1ba21",
    "https://esm.sh/v99/@testing-library/user-event@14.4.3/dist/types/utils/misc/wait.d.ts": "c7ac297e60d7e3c5e6a627c4a98afcb1cea22bc16d67c5ff7519125348c9f912",
    "https://esm.sh/v99/@testing-library/user-event@14.4.3/dist/types/utils/pointer/cssPointerEvents.d.ts": "ffa1317938f5d71e0968a6fee49dbdede5ac79943748dd717593e865159ff1d8",
    "https://esm.sh/v99/@types/aria-query@4.2.2/index.d.ts": "5024433f8da3a7968f6d12cffd32f2cefae4442a9ad1c965fa2d23342338b700",
    "https://esm.sh/v99/@types/prop-types@15.7.5/index.d.ts": "6a386ff939f180ae8ef064699d8b7b6e62bc2731a62d7fbf5e02589383838dea",
    "https://esm.sh/v99/@types/react-dom@18.0.9/index.d.ts": "201f1ca3c46ea0330e42972d84e4e1aff8b1de082f410ceb7df5b25e6cf27f13",
    "https://esm.sh/v99/@types/react-dom@18.0.9/test-utils/index.d.ts": "c37d2af68a5b90b92ce40371b4d00f9dfc86eeadc552438060a67cedb3d95505",
    "https://esm.sh/v99/@types/react@18.0.25/global.d.ts": "bbdf156fea2fabed31a569445835aeedcc33643d404fcbaa54541f06c109df3f",
    "https://esm.sh/v99/@types/react@18.0.25/index.d.ts": "12154bc47748a901d10aa84dc39d0ec3a5f2d50624a7f018b473ef5af23063b4",
    "https://esm.sh/v99/@types/scheduler@0.16.2/tracing.d.ts": "f5a8b384f182b3851cec3596ccc96cb7464f8d3469f48c74bf2befb782a19de5",
    "https://esm.sh/v99/ansi-regex@5.0.1/deno/ansi-regex.development.js": "58dca7849419299946e5af38af20858ac4ba3310d91d0faadabb72cf42ab3d8b",
    "https://esm.sh/v99/ansi-styles@5.2.0/deno/ansi-styles.development.js": "362cb3697c1da527cd9099c5e709fc7fc246d39405e41dfcddc278df0e1d31a2",
    "https://esm.sh/v99/aria-query@5.1.3/deno/aria-query.development.js": "14fcc6c306b7370cb2898ccefe42f19c02db9e4a299c9430d83077f5cb0e3a86",
    "https://esm.sh/v99/available-typed-arrays@1.0.5/deno/available-typed-arrays.development.js": "3ae17d9832620c85fd9fd8b898be6af6eba597e76ee8f35a81694fb832f27d08",
    "https://esm.sh/v99/call-bind@1.0.2/deno/call-bind.development.js": "e5ec2d95a52775a2722e74bc4c4955572f987015a1bced707305839aa5e27e9b",
    "https://esm.sh/v99/call-bind@1.0.2/deno/callBound.development.js": "f2b82959604d47f385c987f3d047048199c4393aa99d45f79ab6e6c73cd2f6f4",
    "https://esm.sh/v99/csstype@3.1.1/index.d.ts": "1c29793071152b207c01ea1954e343be9a44d85234447b2b236acae9e709a383",
    "https://esm.sh/v99/deep-equal@2.1.0/deno/deep-equal.development.js": "017157db0184133d02c3e4e7b8fcb0b7c64d2e80239a5fa648cb367d99ed5f56",
    "https://esm.sh/v99/define-properties@1.1.4/deno/define-properties.development.js": "8679fc68a6bf59d88487dbf35414bc9864ac3b027ef0097cf689db5938610d71",
    "https://esm.sh/v99/dom-accessibility-api@0.5.14/deno/dom-accessibility-api.development.js": "e9312e7cb190787a678090e433c09a0168a40263b64653fe48b785adeaf1e037",
    "https://esm.sh/v99/es-get-iterator@1.1.2/deno/es-get-iterator.development.js": "6bdbf6267b5ca968f090892bc1e7140276f8db350ca4fe6b4fdc510b8477b17c",
    "https://esm.sh/v99/for-each@0.3.3/deno/for-each.development.js": "6fd2720e9aa95580b5a2f7120618764edc0f0c2bdac671a5f7dce6a33f3144bd",
    "https://esm.sh/v99/function-bind@1.1.1/deno/function-bind.development.js": "a96347de5e2c87a84147adccad59829da0040c65c529f13d5f2953caa1506776",
    "https://esm.sh/v99/functions-have-names@1.2.3/deno/functions-have-names.development.js": "2134476b93998f38811dc60e9beaad0703ab190c35eebcea8fe82a318e6d1530",
    "https://esm.sh/v99/get-intrinsic@1.1.3/deno/get-intrinsic.development.js": "c7ec2078174661dedc322c0c8fa012aa560aa2818e2f6d9ec1a6ce14a1aef113",
    "https://esm.sh/v99/gopd@1.0.1/deno/gopd.development.js": "54f2288fa542bcd584ccb0a4f62b4193811b094eec3902391c0968ad32c547a7",
    "https://esm.sh/v99/has-bigints@1.0.2/deno/has-bigints.development.js": "91c196943256372cb26924a365ab4fed2bec18ad7d953311e16bd0d1a0e778bf",
    "https://esm.sh/v99/has-property-descriptors@1.0.0/deno/has-property-descriptors.development.js": "c45633ef47252f7469a37b988708cb9dfb701c3819b4592eea015aa2587240f6",
    "https://esm.sh/v99/has-symbols@1.0.3/deno/has-symbols.development.js": "4214739604faa6a8e4ef16d50aae9c644ac0c409da05fc9fbdd7866143ab0e3a",
    "https://esm.sh/v99/has-symbols@1.0.3/deno/shams.development.js": "e388d090626d5287d5ce795099cea9a0eb6b907e441a409a50baea20a02c7e41",
    "https://esm.sh/v99/has-tostringtag@1.0.0/deno/shams.development.js": "e96b2cffb7ef437b68a9b4437bce552965711e6f2cb0ae96a750362593b7ff36",
    "https://esm.sh/v99/has@1.0.3/deno/has.development.js": "f7370bc3027bb0ec920590c30ac3fc8e1f7c2aa80d7d98037e3970e583b6333f",
    "https://esm.sh/v99/is-arguments@1.1.1/deno/is-arguments.development.js": "f66c64e606a9f2751bb0390b720e58063aad5af40dc537073531fc8cf044ee80",
    "https://esm.sh/v99/is-bigint@1.0.4/deno/is-bigint.development.js": "1df2a6329da54e6cb8047d81dbfaf42f63c3e5dd5b1b829c0737f7ea04308580",
    "https://esm.sh/v99/is-boolean-object@1.1.2/deno/is-boolean-object.development.js": "678997df6d82e308a42b800693a2957403b54126c16601cbac9542634bc7308c",
    "https://esm.sh/v99/is-callable@1.2.7/deno/is-callable.development.js": "e407a19a5e9b654fac625a8029b31a866d9eac3b28126ff5b7343d48e7b2effd",
    "https://esm.sh/v99/is-date-object@1.0.5/deno/is-date-object.development.js": "bb6c6b63888d29acaa716d062c99c7fd2ec2b2561620037748393ab8b0e8ef30",
    "https://esm.sh/v99/is-map@2.0.2/deno/is-map.development.js": "512ea9762b0492570f343d39f14049ecf44543d1f244f9d5ca1e7a3d5e0b19e7",
    "https://esm.sh/v99/is-number-object@1.0.7/deno/is-number-object.development.js": "73b046c991f715f7c1c71dc9e0dbdde3e79a0c8c627931199704143adb4a1c42",
    "https://esm.sh/v99/is-regex@1.1.4/deno/is-regex.development.js": "77f404ab56a27c5016f1ddce21c7af1d884da531ad7ad763bd7ec84eb6e4106f",
    "https://esm.sh/v99/is-set@2.0.2/deno/is-set.development.js": "93536d798ab4d6d8937ae71486bc70a96f28f3a76ff91d987b7d44e7acdfc539",
    "https://esm.sh/v99/is-string@1.0.7/deno/is-string.development.js": "b2465437bedb29f2fdb83b40a302d93a620b4d12f65a63892e7a6c8e58891514",
    "https://esm.sh/v99/is-symbol@1.0.4/deno/is-symbol.development.js": "7491d4424ad0513fd5d3535f508823d71ca17607d3c90d44843750208edb9d19",
    "https://esm.sh/v99/is-typed-array@1.1.10/deno/is-typed-array.development.js": "bb15dd14799bf72cc45d75061f966a4254405a802140ec844bc3c6c5f5566b6d",
    "https://esm.sh/v99/is-weakmap@2.0.1/deno/is-weakmap.development.js": "9375b75da12f038465c84f073b735398ad176bfe636d1dc759fdf5a7c256cbd0",
    "https://esm.sh/v99/is-weakset@2.0.2/deno/is-weakset.development.js": "6880d79f08d5f1ce3e183a8bec1ff8fa1d802b111f02beba6cd7bf03dc442ea7",
    "https://esm.sh/v99/isarray@2.0.5/deno/isarray.development.js": "72609adfd118fe22517e7847501694a90751124fe8a9cb62e18347819fb2e5e5",
    "https://esm.sh/v99/lz-string@1.4.4/deno/lz-string.development.js": "a0f6bda9b08f899ea315eb3cc6a06619b3587f45c906303e88d3379a2d59a9c4",
    "https://esm.sh/v99/object-inspect@1.12.2/deno/object-inspect.development.js": "c9acffb653ff9ab40cda506edd5dda88eec10ce720725e6465aaadcb623ed446",
    "https://esm.sh/v99/object-is@1.1.5/deno/object-is.development.js": "4d7a91023f215e01c6810f3a6f89dcbdacfe7f2f7970ea2e689ac05d90a53567",
    "https://esm.sh/v99/object-keys@1.1.1/deno/object-keys.development.js": "49dda358eb174157eb38332a21374832419128e0183d6cb45815e996a0f32c58",
    "https://esm.sh/v99/object.assign@4.1.4/deno/object.assign.development.js": "5ea9e0848980fcbe75cd6e9d859741004640175748b343cb8fa6c88c80a6a2c7",
    "https://esm.sh/v99/pretty-format@27.5.1/build/index.d.ts": "56a50e283257c7fc16958f9e31d8260262505551782a6afc31030970ff48775a",
    "https://esm.sh/v99/pretty-format@27.5.1/build/types.d.ts": "462bccdf75fcafc1ae8c30400c9425e1a4681db5d605d1a0edb4f990a54d8094",
    "https://esm.sh/v99/pretty-format@27.5.1/deno/pretty-format.development.js": "b9e65eb5c67f9772e0e441d73a891ad4b6ccdf40a9eba219db37f0108c7ca299",
    "https://esm.sh/v99/react-dom@18.2.0/deno/client.development.js": "a45e98391f8dc1617a12461038bbf4c8dfca247ebe301c69c0535c2817ea307b",
    "https://esm.sh/v99/react-dom@18.2.0/deno/react-dom.development.js": "f9c7a6ee6175c5fbe2b4cdeac28b609fff87dc08b3d1820009cbe39d91799431",
    "https://esm.sh/v99/react-dom@18.2.0/deno/test-utils.development.js": "80a93b01d31827cd388ad0710f231283f23afe3fc0a07c166a4f42633f19768f",
    "https://esm.sh/v99/react-is@17.0.2/deno/react-is.development.js": "62952fee5a8b0a42e92e2d11e98bdbc96d4116abe4d0783a4fd1bbcfc7baf105",
    "https://esm.sh/v99/regexp.prototype.flags@1.4.3/deno/regexp.prototype.flags.development.js": "efcb13c614672de3139f1d899db910198e8b43a101cc2e0fc4c523e3a9ecd635",
    "https://esm.sh/v99/scheduler@0.23.0/deno/scheduler.development.js": "d316a127583208002a1c37d0cbe51108da3a0a6f953a58aef7bb2bd569bbaa78",
    "https://esm.sh/v99/side-channel@1.0.4/deno/side-channel.development.js": "b56eb8eac4defcd69663ad921970364b713b5b895c051f508bb01a3cd055f8b7",
    "https://esm.sh/v99/which-boxed-primitive@1.0.2/deno/which-boxed-primitive.development.js": "040f7bf5f637d5d9ab80dfd6896d705df6b2da18e304fbe8edb97a94393f7246",
    "https://esm.sh/v99/which-collection@1.0.1/deno/which-collection.development.js": "43fe37ff347d171e52a090064b278bd85dc06010eccd2c25cfa2fd2001f1f4d3",
    "https://esm.sh/v99/which-typed-array@1.1.9/deno/which-typed-array.development.js": "504f44ece14d1c3477dd8d725fa59b26b67575a378f8fffca5d28010cd9986ab"
  }
}
